// !$*UTF8*$!
{
	archiveVersion = 1;
	classes = {
	};
	objectVersion = 46;
	objects = {

/* Begin PBXBuildFile section */
		2CA9E8721D79FEBC00242AFB /* AppDelegate.swift in Sources */ = {isa = PBXBuildFile; fileRef = 2CA9E8711D79FEBC00242AFB /* AppDelegate.swift */; };
		2CA9E8741D79FEBC00242AFB /* ViewController.swift in Sources */ = {isa = PBXBuildFile; fileRef = 2CA9E8731D79FEBC00242AFB /* ViewController.swift */; };
		2CA9E8771D79FEBC00242AFB /* Main.storyboard in Resources */ = {isa = PBXBuildFile; fileRef = 2CA9E8751D79FEBC00242AFB /* Main.storyboard */; };
		2CA9E8791D79FEBD00242AFB /* Assets.xcassets in Resources */ = {isa = PBXBuildFile; fileRef = 2CA9E8781D79FEBD00242AFB /* Assets.xcassets */; };
		2CA9E87C1D79FEBD00242AFB /* LaunchScreen.storyboard in Resources */ = {isa = PBXBuildFile; fileRef = 2CA9E87A1D79FEBD00242AFB /* LaunchScreen.storyboard */; };
		2CA9E8871D79FEE700242AFB /* cerdo.jpg in Resources */ = {isa = PBXBuildFile; fileRef = 2CA9E8831D79FEE700242AFB /* cerdo.jpg */; };
		2CA9E8881D79FEE700242AFB /* cerdo.mp3 in Resources */ = {isa = PBXBuildFile; fileRef = 2CA9E8841D79FEE700242AFB /* cerdo.mp3 */; };
		2CA9E8891D79FEE700242AFB /* lasmanos.jpg in Resources */ = {isa = PBXBuildFile; fileRef = 2CA9E8851D79FEE700242AFB /* lasmanos.jpg */; };
		2CA9E88A1D79FEE700242AFB /* lasmanos.mp3 in Resources */ = {isa = PBXBuildFile; fileRef = 2CA9E8861D79FEE700242AFB /* lasmanos.mp3 */; };
		2CA9E8911D79FEF900242AFB /* seven.jpg in Resources */ = {isa = PBXBuildFile; fileRef = 2CA9E88B1D79FEF900242AFB /* seven.jpg */; };
		2CA9E8921D79FEF900242AFB /* seven.mp3 in Resources */ = {isa = PBXBuildFile; fileRef = 2CA9E88C1D79FEF900242AFB /* seven.mp3 */; };
		2CA9E8931D79FEF900242AFB /* teamoymas.jpg in Resources */ = {isa = PBXBuildFile; fileRef = 2CA9E88D1D79FEF900242AFB /* teamoymas.jpg */; };
		2CA9E8941D79FEF900242AFB /* teamoymas.mp3 in Resources */ = {isa = PBXBuildFile; fileRef = 2CA9E88E1D79FEF900242AFB /* teamoymas.mp3 */; };
		2CA9E8951D79FEF900242AFB /* thislife.mp3 in Resources */ = {isa = PBXBuildFile; fileRef = 2CA9E88F1D79FEF900242AFB /* thislife.mp3 */; };
		2CA9E8961D79FEF900242AFB /* thislife.png in Resources */ = {isa = PBXBuildFile; fileRef = 2CA9E8901D79FEF900242AFB /* thislife.png */; };
/* End PBXBuildFile section */

/* Begin PBXFileReference section */
		2CA9E86E1D79FEBC00242AFB /* ReproductorMusica.app */ = {isa = PBXFileReference; explicitFileType = wrapper.application; includeInIndex = 0; path = ReproductorMusica.app; sourceTree = BUILT_PRODUCTS_DIR; };
		2CA9E8711D79FEBC00242AFB /* AppDelegate.swift */ = {isa = PBXFileReference; lastKnownFileType = sourcecode.swift; path = AppDelegate.swift; sourceTree = "<group>"; };
		2CA9E8731D79FEBC00242AFB /* ViewController.swift */ = {isa = PBXFileReference; lastKnownFileType = sourcecode.swift; path = ViewController.swift; sourceTree = "<group>"; };
		2CA9E8761D79FEBC00242AFB /* Base */ = {isa = PBXFileReference; lastKnownFileType = file.storyboard; name = Base; path = Base.lproj/Main.storyboard; sourceTree = "<group>"; };
		2CA9E8781D79FEBD00242AFB /* Assets.xcassets */ = {isa = PBXFileReference; lastKnownFileType = folder.assetcatalog; path = Assets.xcassets; sourceTree = "<group>"; };
		2CA9E87B1D79FEBD00242AFB /* Base */ = {isa = PBXFileReference; lastKnownFileType = file.storyboard; name = Base; path = Base.lproj/LaunchScreen.storyboard; sourceTree = "<group>"; };
		2CA9E87D1D79FEBD00242AFB /* Info.plist */ = {isa = PBXFileReference; lastKnownFileType = text.plist.xml; path = Info.plist; sourceTree = "<group>"; };
		2CA9E8831D79FEE700242AFB /* cerdo.jpg */ = {isa = PBXFileReference; lastKnownFileType = image.jpeg; path = cerdo.jpg; sourceTree = "<group>"; };
		2CA9E8841D79FEE700242AFB /* cerdo.mp3 */ = {isa = PBXFileReference; lastKnownFileType = audio.mp3; path = cerdo.mp3; sourceTree = "<group>"; };
		2CA9E8851D79FEE700242AFB /* lasmanos.jpg */ = {isa = PBXFileReference; lastKnownFileType = image.jpeg; path = lasmanos.jpg; sourceTree = "<group>"; };
		2CA9E8861D79FEE700242AFB /* lasmanos.mp3 */ = {isa = PBXFileReference; lastKnownFileType = audio.mp3; path = lasmanos.mp3; sourceTree = "<group>"; };
		2CA9E88B1D79FEF900242AFB /* seven.jpg */ = {isa = PBXFileReference; lastKnownFileType = image.jpeg; path = seven.jpg; sourceTree = "<group>"; };
		2CA9E88C1D79FEF900242AFB /* seven.mp3 */ = {isa = PBXFileReference; lastKnownFileType = audio.mp3; path = seven.mp3; sourceTree = "<group>"; };
		2CA9E88D1D79FEF900242AFB /* teamoymas.jpg */ = {isa = PBXFileReference; lastKnownFileType = image.jpeg; path = teamoymas.jpg; sourceTree = "<group>"; };
		2CA9E88E1D79FEF900242AFB /* teamoymas.mp3 */ = {isa = PBXFileReference; lastKnownFileType = audio.mp3; path = teamoymas.mp3; sourceTree = "<group>"; };
		2CA9E88F1D79FEF900242AFB /* thislife.mp3 */ = {isa = PBXFileReference; lastKnownFileType = audio.mp3; path = thislife.mp3; sourceTree = "<group>"; };
		2CA9E8901D79FEF900242AFB /* thislife.png */ = {isa = PBXFileReference; lastKnownFileType = image.png; path = thislife.png; sourceTree = "<group>"; };
/* End PBXFileReference section */

/* Begin PBXFrameworksBuildPhase section */
		2CA9E86B1D79FEBC00242AFB /* Frameworks */ = {
			isa = PBXFrameworksBuildPhase;
			buildActionMask = 2147483647;
			files = (
			);
			runOnlyForDeploymentPostprocessing = 0;
		};
/* End PBXFrameworksBuildPhase section */

/* Begin PBXGroup section */
		2CA9E8651D79FEBC00242AFB = {
			isa = PBXGroup;
			children = (
				2CA9E8701D79FEBC00242AFB /* ReproductorMusica */,
				2CA9E86F1D79FEBC00242AFB /* Products */,
			);
			sourceTree = "<group>";
		};
		2CA9E86F1D79FEBC00242AFB /* Products */ = {
			isa = PBXGroup;
			children = (
				2CA9E86E1D79FEBC00242AFB /* ReproductorMusica.app */,
			);
			name = Products;
			sourceTree = "<group>";
		};
		2CA9E8701D79FEBC00242AFB /* ReproductorMusica */ = {
			isa = PBXGroup;
			children = (
				2CA9E8711D79FEBC00242AFB /* AppDelegate.swift */,
				2CA9E8731D79FEBC00242AFB /* ViewController.swift */,
				2CA9E8751D79FEBC00242AFB /* Main.storyboard */,
				2CA9E8781D79FEBD00242AFB /* Assets.xcassets */,
				2CA9E87A1D79FEBD00242AFB /* LaunchScreen.storyboard */,
				2CA9E87D1D79FEBD00242AFB /* Info.plist */,
				2CA9E8831D79FEE700242AFB /* cerdo.jpg */,
				2CA9E8841D79FEE700242AFB /* cerdo.mp3 */,
				2CA9E8851D79FEE700242AFB /* lasmanos.jpg */,
				2CA9E8861D79FEE700242AFB /* lasmanos.mp3 */,
				2CA9E88B1D79FEF900242AFB /* seven.jpg */,
				2CA9E88C1D79FEF900242AFB /* seven.mp3 */,
				2CA9E88D1D79FEF900242AFB /* teamoymas.jpg */,
				2CA9E88E1D79FEF900242AFB /* teamoymas.mp3 */,
				2CA9E88F1D79FEF900242AFB /* thislife.mp3 */,
				2CA9E8901D79FEF900242AFB /* thislife.png */,
			);
			path = ReproductorMusica;
			sourceTree = "<group>";
		};
/* End PBXGroup section */

/* Begin PBXNativeTarget section */
		2CA9E86D1D79FEBC00242AFB /* ReproductorMusica */ = {
			isa = PBXNativeTarget;
			buildConfigurationList = 2CA9E8801D79FEBD00242AFB /* Build configuration list for PBXNativeTarget "ReproductorMusica" */;
			buildPhases = (
				2CA9E86A1D79FEBC00242AFB /* Sources */,
				2CA9E86B1D79FEBC00242AFB /* Frameworks */,
				2CA9E86C1D79FEBC00242AFB /* Resources */,
			);
			buildRules = (
			);
			dependencies = (
			);
			name = ReproductorMusica;
			productName = ReproductorMusica;
			productReference = 2CA9E86E1D79FEBC00242AFB /* ReproductorMusica.app */;
			productType = "com.apple.product-type.application";
		};
/* End PBXNativeTarget section */

/* Begin PBXProject section */
		2CA9E8661D79FEBC00242AFB /* Project object */ = {
			isa = PBXProject;
			attributes = {
				LastSwiftUpdateCheck = 0730;
				LastUpgradeCheck = 0730;
				ORGANIZATIONNAME = oscarzarco;
				TargetAttributes = {
					2CA9E86D1D79FEBC00242AFB = {
						CreatedOnToolsVersion = 7.3.1;
						DevelopmentTeam = X285TGPKHC;
					};
				};
			};
			buildConfigurationList = 2CA9E8691D79FEBC00242AFB /* Build configuration list for PBXProject "ReproductorMusica" */;
			compatibilityVersion = "Xcode 3.2";
			developmentRegion = English;
			hasScannedForEncodings = 0;
			knownRegions = (
				en,
				Base,
			);
			mainGroup = 2CA9E8651D79FEBC00242AFB;
			productRefGroup = 2CA9E86F1D79FEBC00242AFB /* Products */;
			projectDirPath = "";
			projectRoot = "";
			targets = (
				2CA9E86D1D79FEBC00242AFB /* ReproductorMusica */,
			);
		};
/* End PBXProject section */

/* Begin PBXResourcesBuildPhase section */
		2CA9E86C1D79FEBC00242AFB /* Resources */ = {
			isa = PBXResourcesBuildPhase;
			buildActionMask = 2147483647;
			files = (
				2CA9E87C1D79FEBD00242AFB /* LaunchScreen.storyboard in Resources */,
				2CA9E8921D79FEF900242AFB /* seven.mp3 in Resources */,
				2CA9E8951D79FEF900242AFB /* thislife.mp3 in Resources */,
				2CA9E8931D79FEF900242AFB /* teamoymas.jpg in Resources */,
				2CA9E8961D79FEF900242AFB /* thislife.png in Resources */,
				2CA9E8941D79FEF900242AFB /* teamoymas.mp3 in Resources */,
				2CA9E8911D79FEF900242AFB /* seven.jpg in Resources */,
				2CA9E8891D79FEE700242AFB /* lasmanos.jpg in Resources */,
				2CA9E8871D79FEE700242AFB /* cerdo.jpg in Resources */,
				2CA9E8791D79FEBD00242AFB /* Assets.xcassets in Resources */,
				2CA9E88A1D79FEE700242AFB /* lasmanos.mp3 in Resources */,
				2CA9E8881D79FEE700242AFB /* cerdo.mp3 in Resources */,
				2CA9E8771D79FEBC00242AFB /* Main.storyboard in Resources */,
			);
			runOnlyForDeploymentPostprocessing = 0;
		};
/* End PBXResourcesBuildPhase section */

/* Begin PBXSourcesBuildPhase section */
		2CA9E86A1D79FEBC00242AFB /* Sources */ = {
			isa = PBXSourcesBuildPhase;
			buildActionMask = 2147483647;
			files = (
				2CA9E8741D79FEBC00242AFB /* ViewController.swift in Sources */,
				2CA9E8721D79FEBC00242AFB /* AppDelegate.swift in Sources */,
			);
			runOnlyForDeploymentPostprocessing = 0;
		};
/* End PBXSourcesBuildPhase section */

/* Begin PBXVariantGroup section */
		2CA9E8751D79FEBC00242AFB /* Main.storyboard */ = {
			isa = PBXVariantGroup;
			children = (
				2CA9E8761D79FEBC00242AFB /* Base */,
			);
			name = Main.storyboard;
			sourceTree = "<group>";
		};
		2CA9E87A1D79FEBD00242AFB /* LaunchScreen.storyboard */ = {
			isa = PBXVariantGroup;
			children = (
				2CA9E87B1D79FEBD00242AFB /* Base */,
			);
			name = LaunchScreen.storyboard;
			sourceTree = "<group>";
		};
/* End PBXVariantGroup section */

/* Begin XCBuildConfiguration section */
		2CA9E87E1D79FEBD00242AFB /* Debug */ = {
			isa = XCBuildConfiguration;
			buildSettings = {
				ALWAYS_SEARCH_USER_PATHS = NO;
				CLANG_ANALYZER_NONNULL = YES;
				CLANG_CXX_LANGUAGE_STANDARD = "gnu++0x";
				CLANG_CXX_LIBRARY = "libc++";
				CLANG_ENABLE_MODULES = YES;
				CLANG_ENABLE_OBJC_ARC = YES;
				CLANG_WARN_BOOL_CONVERSION = YES;
				CLANG_WARN_CONSTANT_CONVERSION = YES;
				CLANG_WARN_DIRECT_OBJC_ISA_USAGE = YES_ERROR;
				CLANG_WARN_EMPTY_BODY = YES;
				CLANG_WARN_ENUM_CONVERSION = YES;
				CLANG_WARN_INT_CONVERSION = YES;
				CLANG_WARN_OBJC_ROOT_CLASS = YES_ERROR;
				CLANG_WARN_UNREACHABLE_CODE = YES;
				CLANG_WARN__DUPLICATE_METHOD_MATCH = YES;
				"CODE_SIGN_IDENTITY[sdk=iphoneos*]" = "iPhone Developer";
				COPY_PHASE_STRIP = NO;
				DEBUG_INFORMATION_FORMAT = dwarf;
				ENABLE_STRICT_OBJC_MSGSEND = YES;
				ENABLE_TESTABILITY = YES;
				GCC_C_LANGUAGE_STANDARD = gnu99;
				GCC_DYNAMIC_NO_PIC = NO;
				GCC_NO_COMMON_BLOCKS = YES;
				GCC_OPTIMIZATION_LEVEL = 0;
				GCC_PREPROCESSOR_DEFINITIONS = (
					"DEBUG=1",
					"$(inherited)",
				);
				GCC_WARN_64_TO_32_BIT_CONVERSION = YES;
				GCC_WARN_ABOUT_RETURN_TYPE = YES_ERROR;
				GCC_WARN_UNDECLARED_SELECTOR = YES;
				GCC_WARN_UNINITIALIZED_AUTOS = YES_AGGRESSIVE;
				GCC_WARN_UNUSED_FUNCTION = YES;
				GCC_WARN_UNUSED_VARIABLE = YES;
				IPHONEOS_DEPLOYMENT_TARGET = 9.3;
				MTL_ENABLE_DEBUG_INFO = YES;
				ONLY_ACTIVE_ARCH = YES;
				SDKROOT = iphoneos;
				SWIFT_OPTIMIZATION_LEVEL = "-Onone";
			};
			name = Debug;
		};
		2CA9E87F1D79FEBD00242AFB /* Release */ = {
			isa = XCBuildConfiguration;
			buildSettings = {
				ALWAYS_SEARCH_USER_PATHS = NO;
				CLANG_ANALYZER_NONNULL = YES;
				CLANG_CXX_LANGUAGE_STANDARD = "gnu++0x";
				CLANG_CXX_LIBRARY = "libc++";
				CLANG_ENABLE_MODULES = YES;
				CLANG_ENABLE_OBJC_ARC = YES;
				CLANG_WARN_BOOL_CONVERSION = YES;
				CLANG_WARN_CONSTANT_CONVERSION = YES;
				CLANG_WARN_DIRECT_OBJC_ISA_USAGE = YES_ERROR;
				CLANG_WARN_EMPTY_BODY = YES;
				CLANG_WARN_ENUM_CONVERSION = YES;
				CLANG_WARN_INT_CONVERSION = YES;
				CLANG_WARN_OBJC_ROOT_CLASS = YES_ERROR;
				CLANG_WARN_UNREACHABLE_CODE = YES;
				CLANG_WARN__DUPLICATE_METHOD_MATCH = YES;
				"CODE_SIGN_IDENTITY[sdk=iphoneos*]" = "iPhone Developer";
				COPY_PHASE_STRIP = NO;
				DEBUG_INFORMATION_FORMAT = "dwarf-with-dsym";
				ENABLE_NS_ASSERTIONS = NO;
				ENABLE_STRICT_OBJC_MSGSEND = YES;
				GCC_C_LANGUAGE_STANDARD = gnu99;
				GCC_NO_COMMON_BLOCKS = YES;
				GCC_WARN_64_TO_32_BIT_CONVERSION = YES;
				GCC_WARN_ABOUT_RETURN_TYPE = YES_ERROR;
				GCC_WARN_UNDECLARED_SELECTOR = YES;
				GCC_WARN_UNINITIALIZED_AUTOS = YES_AGGRESSIVE;
				GCC_WARN_UNUSED_FUNCTION = YES;
				GCC_WARN_UNUSED_VARIABLE = YES;
				IPHONEOS_DEPLOYMENT_TARGET = 9.3;
				MTL_ENABLE_DEBUG_INFO = NO;
				SDKROOT = iphoneos;
				VALIDATE_PRODUCT = YES;
			};
			name = Release;
		};
		2CA9E8811D79FEBD00242AFB /* Debug */ = {
			isa = XCBuildConfiguration;
			buildSettings = {
				ASSETCATALOG_COMPILER_APPICON_NAME = AppIcon;
				INFOPLIST_FILE = ReproductorMusica/Info.plist;
				LD_RUNPATH_SEARCH_PATHS = "$(inherited) @executable_path/Frameworks";
				PRODUCT_BUNDLE_IDENTIFIER = com.zarcodev.ReproductorMusica;
				PRODUCT_NAME = "$(TARGET_NAME)";
			};
			name = Debug;
		};
		2CA9E8821D79FEBD00242AFB /* Release */ = {
			isa = XCBuildConfiguration;
			buildSettings = {
				ASSETCATALOG_COMPILER_APPICON_NAME = AppIcon;
				INFOPLIST_FILE = ReproductorMusica/Info.plist;
				LD_RUNPATH_SEARCH_PATHS = "$(inherited) @executable_path/Frameworks";
				PRODUCT_BUNDLE_IDENTIFIER = com.zarcodev.ReproductorMusica;
				PRODUCT_NAME = "$(TARGET_NAME)";
			};
			name = Release;
		};
/* End XCBuildConfiguration section */

/* Begin XCConfigurationList section */
		2CA9E8691D79FEBC00242AFB /* Build configuration list for PBXProject "ReproductorMusica" */ = {
			isa = XCConfigurationList;
			buildConfigurations = (
				2CA9E87E1D79FEBD00242AFB /* Debug */,
				2CA9E87F1D79FEBD00242AFB /* Release */,
			);
			defaultConfigurationIsVisible = 0;
			defaultConfigurationName = Release;
		};
		2CA9E8801D79FEBD00242AFB /* Build configuration list for PBXNativeTarget "ReproductorMusica" */ = {
			isa = XCConfigurationList;
			buildConfigurations = (
				2CA9E8811D79FEBD00242AFB /* Debug */,
				2CA9E8821D79FEBD00242AFB /* Release */,
			);
			defaultConfigurationIsVisible = 0;
		};
/* End XCConfigurationList section */
	};
	rootObject = 2CA9E8661D79FEBC00242AFB /* Project object */;
}
